// !$*UTF8*$!
{
	archiveVersion = 1;
	classes = {
	};
	objectVersion = 50;
	objects = {

/* Begin PBXBuildFile section */
		7518246423F3EA5D00F6A0B3 /* AppDelegate.swift in Sources */ = {isa = PBXBuildFile; fileRef = 7518246323F3EA5D00F6A0B3 /* AppDelegate.swift */; };
		7518246623F3EA5D00F6A0B3 /* SceneDelegate.swift in Sources */ = {isa = PBXBuildFile; fileRef = 7518246523F3EA5D00F6A0B3 /* SceneDelegate.swift */; };
		7518246823F3EA5D00F6A0B3 /* ViewController.swift in Sources */ = {isa = PBXBuildFile; fileRef = 7518246723F3EA5D00F6A0B3 /* ViewController.swift */; };
		7518246B23F3EA5D00F6A0B3 /* Main.storyboard in Resources */ = {isa = PBXBuildFile; fileRef = 7518246923F3EA5D00F6A0B3 /* Main.storyboard */; };
		7518246D23F3EA6200F6A0B3 /* Assets.xcassets in Resources */ = {isa = PBXBuildFile; fileRef = 7518246C23F3EA6200F6A0B3 /* Assets.xcassets */; };
		7518247023F3EA6200F6A0B3 /* LaunchScreen.storyboard in Resources */ = {isa = PBXBuildFile; fileRef = 7518246E23F3EA6200F6A0B3 /* LaunchScreen.storyboard */; };
		7518247B23F3EA6200F6A0B3 /* TestingImagesTests.swift in Sources */ = {isa = PBXBuildFile; fileRef = 7518247A23F3EA6200F6A0B3 /* TestingImagesTests.swift */; };
		7518248623F3EA6200F6A0B3 /* TestingImagesUITests.swift in Sources */ = {isa = PBXBuildFile; fileRef = 7518248523F3EA6200F6A0B3 /* TestingImagesUITests.swift */; };
/* End PBXBuildFile section */

/* Begin PBXContainerItemProxy section */
		7518247723F3EA6200F6A0B3 /* PBXContainerItemProxy */ = {
			isa = PBXContainerItemProxy;
			containerPortal = 7518245823F3EA5D00F6A0B3 /* Project object */;
			proxyType = 1;
			remoteGlobalIDString = 7518245F23F3EA5D00F6A0B3;
			remoteInfo = TestingImages;
		};
		7518248223F3EA6200F6A0B3 /* PBXContainerItemProxy */ = {
			isa = PBXContainerItemProxy;
			containerPortal = 7518245823F3EA5D00F6A0B3 /* Project object */;
			proxyType = 1;
			remoteGlobalIDString = 7518245F23F3EA5D00F6A0B3;
			remoteInfo = TestingImages;
		};
/* End PBXContainerItemProxy section */

/* Begin PBXFileReference section */
		7518246023F3EA5D00F6A0B3 /* TestingImages.app */ = {isa = PBXFileReference; explicitFileType = wrapper.application; includeInIndex = 0; path = TestingImages.app; sourceTree = BUILT_PRODUCTS_DIR; };
		7518246323F3EA5D00F6A0B3 /* AppDelegate.swift */ = {isa = PBXFileReference; lastKnownFileType = sourcecode.swift; path = AppDelegate.swift; sourceTree = "<group>"; };
		7518246523F3EA5D00F6A0B3 /* SceneDelegate.swift */ = {isa = PBXFileReference; lastKnownFileType = sourcecode.swift; path = SceneDelegate.swift; sourceTree = "<group>"; };
		7518246723F3EA5D00F6A0B3 /* ViewController.swift */ = {isa = PBXFileReference; lastKnownFileType = sourcecode.swift; path = ViewController.swift; sourceTree = "<group>"; };
		7518246A23F3EA5D00F6A0B3 /* Base */ = {isa = PBXFileReference; lastKnownFileType = file.storyboard; name = Base; path = Base.lproj/Main.storyboard; sourceTree = "<group>"; };
		7518246C23F3EA6200F6A0B3 /* Assets.xcassets */ = {isa = PBXFileReference; lastKnownFileType = folder.assetcatalog; path = Assets.xcassets; sourceTree = "<group>"; };
		7518246F23F3EA6200F6A0B3 /* Base */ = {isa = PBXFileReference; lastKnownFileType = file.storyboard; name = Base; path = Base.lproj/LaunchScreen.storyboard; sourceTree = "<group>"; };
		7518247123F3EA6200F6A0B3 /* Info.plist */ = {isa = PBXFileReference; lastKnownFileType = text.plist.xml; path = Info.plist; sourceTree = "<group>"; };
		7518247623F3EA6200F6A0B3 /* TestingImagesTests.xctest */ = {isa = PBXFileReference; explicitFileType = wrapper.cfbundle; includeInIndex = 0; path = TestingImagesTests.xctest; sourceTree = BUILT_PRODUCTS_DIR; };
		7518247A23F3EA6200F6A0B3 /* TestingImagesTests.swift */ = {isa = PBXFileReference; lastKnownFileType = sourcecode.swift; path = TestingImagesTests.swift; sourceTree = "<group>"; };
		7518247C23F3EA6200F6A0B3 /* Info.plist */ = {isa = PBXFileReference; lastKnownFileType = text.plist.xml; path = Info.plist; sourceTree = "<group>"; };
		7518248123F3EA6200F6A0B3 /* TestingImagesUITests.xctest */ = {isa = PBXFileReference; explicitFileType = wrapper.cfbundle; includeInIndex = 0; path = TestingImagesUITests.xctest; sourceTree = BUILT_PRODUCTS_DIR; };
		7518248523F3EA6200F6A0B3 /* TestingImagesUITests.swift */ = {isa = PBXFileReference; lastKnownFileType = sourcecode.swift; path = TestingImagesUITests.swift; sourceTree = "<group>"; };
		7518248723F3EA6200F6A0B3 /* Info.plist */ = {isa = PBXFileReference; lastKnownFileType = text.plist.xml; path = Info.plist; sourceTree = "<group>"; };
/* End PBXFileReference section */

/* Begin PBXFrameworksBuildPhase section */
		7518245D23F3EA5D00F6A0B3 /* Frameworks */ = {
			isa = PBXFrameworksBuildPhase;
			buildActionMask = 2147483647;
			files = (
			);
			runOnlyForDeploymentPostprocessing = 0;
		};
		7518247323F3EA6200F6A0B3 /* Frameworks */ = {
			isa = PBXFrameworksBuildPhase;
			buildActionMask = 2147483647;
			files = (
			);
			runOnlyForDeploymentPostprocessing = 0;
		};
		7518247E23F3EA6200F6A0B3 /* Frameworks */ = {
			isa = PBXFrameworksBuildPhase;
			buildActionMask = 2147483647;
			files = (
			);
			runOnlyForDeploymentPostprocessing = 0;
		};
/* End PBXFrameworksBuildPhase section */

/* Begin PBXGroup section */
		7518245723F3EA5D00F6A0B3 = {
			isa = PBXGroup;
			children = (
				7518246223F3EA5D00F6A0B3 /* TestingImages */,
				7518247923F3EA6200F6A0B3 /* TestingImagesTests */,
				7518248423F3EA6200F6A0B3 /* TestingImagesUITests */,
				7518246123F3EA5D00F6A0B3 /* Products */,
			);
			sourceTree = "<group>";
		};
		7518246123F3EA5D00F6A0B3 /* Products */ = {
			isa = PBXGroup;
			children = (
				7518246023F3EA5D00F6A0B3 /* TestingImages.app */,
				7518247623F3EA6200F6A0B3 /* TestingImagesTests.xctest */,
				7518248123F3EA6200F6A0B3 /* TestingImagesUITests.xctest */,
			);
			name = Products;
			sourceTree = "<group>";
		};
		7518246223F3EA5D00F6A0B3 /* TestingImages */ = {
			isa = PBXGroup;
			children = (
				7518246323F3EA5D00F6A0B3 /* AppDelegate.swift */,
				7518246523F3EA5D00F6A0B3 /* SceneDelegate.swift */,
				7518246723F3EA5D00F6A0B3 /* ViewController.swift */,
				7518246923F3EA5D00F6A0B3 /* Main.storyboard */,
				7518246C23F3EA6200F6A0B3 /* Assets.xcassets */,
				7518246E23F3EA6200F6A0B3 /* LaunchScreen.storyboard */,
				7518247123F3EA6200F6A0B3 /* Info.plist */,
			);
			path = TestingImages;
			sourceTree = "<group>";
		};
		7518247923F3EA6200F6A0B3 /* TestingImagesTests */ = {
			isa = PBXGroup;
			children = (
				7518247A23F3EA6200F6A0B3 /* TestingImagesTests.swift */,
				7518247C23F3EA6200F6A0B3 /* Info.plist */,
			);
			path = TestingImagesTests;
			sourceTree = "<group>";
		};
		7518248423F3EA6200F6A0B3 /* TestingImagesUITests */ = {
			isa = PBXGroup;
			children = (
				7518248523F3EA6200F6A0B3 /* TestingImagesUITests.swift */,
				7518248723F3EA6200F6A0B3 /* Info.plist */,
			);
			path = TestingImagesUITests;
			sourceTree = "<group>";
		};
/* End PBXGroup section */

/* Begin PBXNativeTarget section */
		7518245F23F3EA5D00F6A0B3 /* TestingImages */ = {
			isa = PBXNativeTarget;
			buildConfigurationList = 7518248A23F3EA6200F6A0B3 /* Build configuration list for PBXNativeTarget "TestingImages" */;
			buildPhases = (
				7518245C23F3EA5D00F6A0B3 /* Sources */,
				7518245D23F3EA5D00F6A0B3 /* Frameworks */,
				7518245E23F3EA5D00F6A0B3 /* Resources */,
			);
			buildRules = (
			);
			dependencies = (
			);
			name = TestingImages;
			productName = TestingImages;
			productReference = 7518246023F3EA5D00F6A0B3 /* TestingImages.app */;
			productType = "com.apple.product-type.application";
		};
		7518247523F3EA6200F6A0B3 /* TestingImagesTests */ = {
			isa = PBXNativeTarget;
			buildConfigurationList = 7518248D23F3EA6200F6A0B3 /* Build configuration list for PBXNativeTarget "TestingImagesTests" */;
			buildPhases = (
				7518247223F3EA6200F6A0B3 /* Sources */,
				7518247323F3EA6200F6A0B3 /* Frameworks */,
				7518247423F3EA6200F6A0B3 /* Resources */,
			);
			buildRules = (
			);
			dependencies = (
				7518247823F3EA6200F6A0B3 /* PBXTargetDependency */,
			);
			name = TestingImagesTests;
			productName = TestingImagesTests;
			productReference = 7518247623F3EA6200F6A0B3 /* TestingImagesTests.xctest */;
			productType = "com.apple.product-type.bundle.unit-test";
		};
		7518248023F3EA6200F6A0B3 /* TestingImagesUITests */ = {
			isa = PBXNativeTarget;
			buildConfigurationList = 7518249023F3EA6200F6A0B3 /* Build configuration list for PBXNativeTarget "TestingImagesUITests" */;
			buildPhases = (
				7518247D23F3EA6200F6A0B3 /* Sources */,
				7518247E23F3EA6200F6A0B3 /* Frameworks */,
				7518247F23F3EA6200F6A0B3 /* Resources */,
			);
			buildRules = (
			);
			dependencies = (
				7518248323F3EA6200F6A0B3 /* PBXTargetDependency */,
			);
			name = TestingImagesUITests;
			productName = TestingImagesUITests;
			productReference = 7518248123F3EA6200F6A0B3 /* TestingImagesUITests.xctest */;
			productType = "com.apple.product-type.bundle.ui-testing";
		};
/* End PBXNativeTarget section */

/* Begin PBXProject section */
		7518245823F3EA5D00F6A0B3 /* Project object */ = {
			isa = PBXProject;
			attributes = {
				LastSwiftUpdateCheck = 1130;
				LastUpgradeCheck = 1130;
				ORGANIZATIONNAME = Kavisha;
				TargetAttributes = {
					7518245F23F3EA5D00F6A0B3 = {
						CreatedOnToolsVersion = 11.3.1;
					};
					7518247523F3EA6200F6A0B3 = {
						CreatedOnToolsVersion = 11.3.1;
						TestTargetID = 7518245F23F3EA5D00F6A0B3;
					};
					7518248023F3EA6200F6A0B3 = {
						CreatedOnToolsVersion = 11.3.1;
						TestTargetID = 7518245F23F3EA5D00F6A0B3;
					};
				};
			};
			buildConfigurationList = 7518245B23F3EA5D00F6A0B3 /* Build configuration list for PBXProject "TestingImages" */;
			compatibilityVersion = "Xcode 9.3";
			developmentRegion = en;
			hasScannedForEncodings = 0;
			knownRegions = (
				en,
				Base,
			);
			mainGroup = 7518245723F3EA5D00F6A0B3;
			productRefGroup = 7518246123F3EA5D00F6A0B3 /* Products */;
			projectDirPath = "";
			projectRoot = "";
			targets = (
				7518245F23F3EA5D00F6A0B3 /* TestingImages */,
				7518247523F3EA6200F6A0B3 /* TestingImagesTests */,
				7518248023F3EA6200F6A0B3 /* TestingImagesUITests */,
			);
		};
/* End PBXProject section */

/* Begin PBXResourcesBuildPhase section */
		7518245E23F3EA5D00F6A0B3 /* Resources */ = {
			isa = PBXResourcesBuildPhase;
			buildActionMask = 2147483647;
			files = (
				7518247023F3EA6200F6A0B3 /* LaunchScreen.storyboard in Resources */,
				7518246D23F3EA6200F6A0B3 /* Assets.xcassets in Resources */,
				7518246B23F3EA5D00F6A0B3 /* Main.storyboard in Resources */,
			);
			runOnlyForDeploymentPostprocessing = 0;
		};
		7518247423F3EA6200F6A0B3 /* Resources */ = {
			isa = PBXResourcesBuildPhase;
			buildActionMask = 2147483647;
			files = (
			);
			runOnlyForDeploymentPostprocessing = 0;
		};
		7518247F23F3EA6200F6A0B3 /* Resources */ = {
			isa = PBXResourcesBuildPhase;
			buildActionMask = 2147483647;
			files = (
			);
			runOnlyForDeploymentPostprocessing = 0;
		};
/* End PBXResourcesBuildPhase section */

/* Begin PBXSourcesBuildPhase section */
		7518245C23F3EA5D00F6A0B3 /* Sources */ = {
			isa = PBXSourcesBuildPhase;
			buildActionMask = 2147483647;
			files = (
				7518246823F3EA5D00F6A0B3 /* ViewController.swift in Sources */,
				7518246423F3EA5D00F6A0B3 /* AppDelegate.swift in Sources */,
				7518246623F3EA5D00F6A0B3 /* SceneDelegate.swift in Sources */,
			);
			runOnlyForDeploymentPostprocessing = 0;
		};
		7518247223F3EA6200F6A0B3 /* Sources */ = {
			isa = PBXSourcesBuildPhase;
			buildActionMask = 2147483647;
			files = (
				7518247B23F3EA6200F6A0B3 /* TestingImagesTests.swift in Sources */,
			);
			runOnlyForDeploymentPostprocessing = 0;
		};
		7518247D23F3EA6200F6A0B3 /* Sources */ = {
			isa = PBXSourcesBuildPhase;
			buildActionMask = 2147483647;
			files = (
				7518248623F3EA6200F6A0B3 /* TestingImagesUITests.swift in Sources */,
			);
			runOnlyForDeploymentPostprocessing = 0;
		};
/* End PBXSourcesBuildPhase section */

/* Begin PBXTargetDependency section */
		7518247823F3EA6200F6A0B3 /* PBXTargetDependency */ = {
			isa = PBXTargetDependency;
			target = 7518245F23F3EA5D00F6A0B3 /* TestingImages */;
			targetProxy = 7518247723F3EA6200F6A0B3 /* PBXContainerItemProxy */;
		};
		7518248323F3EA6200F6A0B3 /* PBXTargetDependency */ = {
			isa = PBXTargetDependency;
			target = 7518245F23F3EA5D00F6A0B3 /* TestingImages */;
			targetProxy = 7518248223F3EA6200F6A0B3 /* PBXContainerItemProxy */;
		};
/* End PBXTargetDependency section */

/* Begin PBXVariantGroup section */
		7518246923F3EA5D00F6A0B3 /* Main.storyboard */ = {
			isa = PBXVariantGroup;
			children = (
				7518246A23F3EA5D00F6A0B3 /* Base */,
			);
			name = Main.storyboard;
			sourceTree = "<group>";
		};
		7518246E23F3EA6200F6A0B3 /* LaunchScreen.storyboard */ = {
			isa = PBXVariantGroup;
			children = (
				7518246F23F3EA6200F6A0B3 /* Base */,
			);
			name = LaunchScreen.storyboard;
			sourceTree = "<group>";
		};
/* End PBXVariantGroup section */

/* Begin XCBuildConfiguration section */
		7518248823F3EA6200F6A0B3 /* Debug */ = {
			isa = XCBuildConfiguration;
			buildSettings = {
				ALWAYS_SEARCH_USER_PATHS = NO;
				CLANG_ANALYZER_NONNULL = YES;
				CLANG_ANALYZER_NUMBER_OBJECT_CONVERSION = YES_AGGRESSIVE;
				CLANG_CXX_LANGUAGE_STANDARD = "gnu++14";
				CLANG_CXX_LIBRARY = "libc++";
				CLANG_ENABLE_MODULES = YES;
				CLANG_ENABLE_OBJC_ARC = YES;
				CLANG_ENABLE_OBJC_WEAK = YES;
				CLANG_WARN_BLOCK_CAPTURE_AUTORELEASING = YES;
				CLANG_WARN_BOOL_CONVERSION = YES;
				CLANG_WARN_COMMA = YES;
				CLANG_WARN_CONSTANT_CONVERSION = YES;
				CLANG_WARN_DEPRECATED_OBJC_IMPLEMENTATIONS = YES;
				CLANG_WARN_DIRECT_OBJC_ISA_USAGE = YES_ERROR;
				CLANG_WARN_DOCUMENTATION_COMMENTS = YES;
				CLANG_WARN_EMPTY_BODY = YES;
				CLANG_WARN_ENUM_CONVERSION = YES;
				CLANG_WARN_INFINITE_RECURSION = YES;
				CLANG_WARN_INT_CONVERSION = YES;
				CLANG_WARN_NON_LITERAL_NULL_CONVERSION = YES;
				CLANG_WARN_OBJC_IMPLICIT_RETAIN_SELF = YES;
				CLANG_WARN_OBJC_LITERAL_CONVERSION = YES;
				CLANG_WARN_OBJC_ROOT_CLASS = YES_ERROR;
				CLANG_WARN_RANGE_LOOP_ANALYSIS = YES;
				CLANG_WARN_STRICT_PROTOTYPES = YES;
				CLANG_WARN_SUSPICIOUS_MOVE = YES;
				CLANG_WARN_UNGUARDED_AVAILABILITY = YES_AGGRESSIVE;
				CLANG_WARN_UNREACHABLE_CODE = YES;
				CLANG_WARN__DUPLICATE_METHOD_MATCH = YES;
				COPY_PHASE_STRIP = NO;
				DEBUG_INFORMATION_FORMAT = dwarf;
				ENABLE_STRICT_OBJC_MSGSEND = YES;
				ENABLE_TESTABILITY = YES;
				GCC_C_LANGUAGE_STANDARD = gnu11;
				GCC_DYNAMIC_NO_PIC = NO;
				GCC_NO_COMMON_BLOCKS = YES;
				GCC_OPTIMIZATION_LEVEL = 0;
				GCC_PREPROCESSOR_DEFINITIONS = (
					"DEBUG=1",
					"$(inherited)",
				);
				GCC_WARN_64_TO_32_BIT_CONVERSION = YES;
				GCC_WARN_ABOUT_RETURN_TYPE = YES_ERROR;
				GCC_WARN_UNDECLARED_SELECTOR = YES;
				GCC_WARN_UNINITIALIZED_AUTOS = YES_AGGRESSIVE;
				GCC_WARN_UNUSED_FUNCTION = YES;
				GCC_WARN_UNUSED_VARIABLE = YES;
				IPHONEOS_DEPLOYMENT_TARGET = 13.2;
				MTL_ENABLE_DEBUG_INFO = INCLUDE_SOURCE;
				MTL_FAST_MATH = YES;
				ONLY_ACTIVE_ARCH = YES;
				SDKROOT = iphoneos;
				SWIFT_ACTIVE_COMPILATION_CONDITIONS = DEBUG;
				SWIFT_OPTIMIZATION_LEVEL = "-Onone";
			};
			name = Debug;
		};
		7518248923F3EA6200F6A0B3 /* Release */ = {
			isa = XCBuildConfiguration;
			buildSettings = {
				ALWAYS_SEARCH_USER_PATHS = NO;
				CLANG_ANALYZER_NONNULL = YES;
				CLANG_ANALYZER_NUMBER_OBJECT_CONVERSION = YES_AGGRESSIVE;
				CLANG_CXX_LANGUAGE_STANDARD = "gnu++14";
				CLANG_CXX_LIBRARY = "libc++";
				CLANG_ENABLE_MODULES = YES;
				CLANG_ENABLE_OBJC_ARC = YES;
				CLANG_ENABLE_OBJC_WEAK = YES;
				CLANG_WARN_BLOCK_CAPTURE_AUTORELEASING = YES;
				CLANG_WARN_BOOL_CONVERSION = YES;
				CLANG_WARN_COMMA = YES;
				CLANG_WARN_CONSTANT_CONVERSION = YES;
				CLANG_WARN_DEPRECATED_OBJC_IMPLEMENTATIONS = YES;
				CLANG_WARN_DIRECT_OBJC_ISA_USAGE = YES_ERROR;
				CLANG_WARN_DOCUMENTATION_COMMENTS = YES;
				CLANG_WARN_EMPTY_BODY = YES;
				CLANG_WARN_ENUM_CONVERSION = YES;
				CLANG_WARN_INFINITE_RECURSION = YES;
				CLANG_WARN_INT_CONVERSION = YES;
				CLANG_WARN_NON_LITERAL_NULL_CONVERSION = YES;
				CLANG_WARN_OBJC_IMPLICIT_RETAIN_SELF = YES;
				CLANG_WARN_OBJC_LITERAL_CONVERSION = YES;
				CLANG_WARN_OBJC_ROOT_CLASS = YES_ERROR;
				CLANG_WARN_RANGE_LOOP_ANALYSIS = YES;
				CLANG_WARN_STRICT_PROTOTYPES = YES;
				CLANG_WARN_SUSPICIOUS_MOVE = YES;
				CLANG_WARN_UNGUARDED_AVAILABILITY = YES_AGGRESSIVE;
				CLANG_WARN_UNREACHABLE_CODE = YES;
				CLANG_WARN__DUPLICATE_METHOD_MATCH = YES;
				COPY_PHASE_STRIP = NO;
				DEBUG_INFORMATION_FORMAT = "dwarf-with-dsym";
				ENABLE_NS_ASSERTIONS = NO;
				ENABLE_STRICT_OBJC_MSGSEND = YES;
				GCC_C_LANGUAGE_STANDARD = gnu11;
				GCC_NO_COMMON_BLOCKS = YES;
				GCC_WARN_64_TO_32_BIT_CONVERSION = YES;
				GCC_WARN_ABOUT_RETURN_TYPE = YES_ERROR;
				GCC_WARN_UNDECLARED_SELECTOR = YES;
				GCC_WARN_UNINITIALIZED_AUTOS = YES_AGGRESSIVE;
				GCC_WARN_UNUSED_FUNCTION = YES;
				GCC_WARN_UNUSED_VARIABLE = YES;
				IPHONEOS_DEPLOYMENT_TARGET = 13.2;
				MTL_ENABLE_DEBUG_INFO = NO;
				MTL_FAST_MATH = YES;
				SDKROOT = iphoneos;
				SWIFT_COMPILATION_MODE = wholemodule;
				SWIFT_OPTIMIZATION_LEVEL = "-O";
				VALIDATE_PRODUCT = YES;
			};
			name = Release;
		};
		7518248B23F3EA6200F6A0B3 /* Debug */ = {
			isa = XCBuildConfiguration;
			buildSettings = {
				ASSETCATALOG_COMPILER_APPICON_NAME = AppIcon;
				CODE_SIGN_STYLE = Automatic;
				DEVELOPMENT_TEAM = 28S944C5QK;
				INFOPLIST_FILE = TestingImages/Info.plist;
				LD_RUNPATH_SEARCH_PATHS = (
					"$(inherited)",
					"@executable_path/Frameworks",
				);
				PRODUCT_BUNDLE_IDENTIFIER = org.soka.TestingImages;
				PRODUCT_NAME = "$(TARGET_NAME)";
				SWIFT_VERSION = 5.0;
				TARGETED_DEVICE_FAMILY = "1,2";
			};
			name = Debug;
		};
		7518248C23F3EA6200F6A0B3 /* Release */ = {
			isa = XCBuildConfiguration;
			buildSettings = {
				ASSETCATALOG_COMPILER_APPICON_NAME = AppIcon;
				CODE_SIGN_STYLE = Automatic;
				DEVELOPMENT_TEAM = 28S944C5QK;
				INFOPLIST_FILE = TestingImages/Info.plist;
				LD_RUNPATH_SEARCH_PATHS = (
					"$(inherited)",
					"@executable_path/Frameworks",
				);
				PRODUCT_BUNDLE_IDENTIFIER = org.soka.TestingImages;
				PRODUCT_NAME = "$(TARGET_NAME)";
				SWIFT_VERSION = 5.0;
				TARGETED_DEVICE_FAMILY = "1,2";
			};
			name = Release;
		};
		7518248E23F3EA6200F6A0B3 /* Debug */ = {
			isa = XCBuildConfiguration;
			buildSettings = {
				ALWAYS_EMBED_SWIFT_STANDARD_LIBRARIES = YES;
				BUNDLE_LOADER = "$(TEST_HOST)";
				CODE_SIGN_STYLE = Automatic;
				DEVELOPMENT_TEAM = 28S944C5QK;
				INFOPLIST_FILE = TestingImagesTests/Info.plist;
				IPHONEOS_DEPLOYMENT_TARGET = 13.2;
				LD_RUNPATH_SEARCH_PATHS = (
					"$(inherited)",
					"@executable_path/Frameworks",
					"@loader_path/Frameworks",
				);
				PRODUCT_BUNDLE_IDENTIFIER = org.soka.TestingImagesTests;
				PRODUCT_NAME = "$(TARGET_NAME)";
				SWIFT_VERSION = 5.0;
				TARGETED_DEVICE_FAMILY = "1,2";
				TEST_HOST = "$(BUILT_PRODUCTS_DIR)/TestingImages.app/TestingImages";
			};
			name = Debug;
		};
		7518248F23F3EA6200F6A0B3 /* Release */ = {
			isa = XCBuildConfiguration;
			buildSettings = {
				ALWAYS_EMBED_SWIFT_STANDARD_LIBRARIES = YES;
				BUNDLE_LOADER = "$(TEST_HOST)";
				CODE_SIGN_STYLE = Automatic;
				DEVELOPMENT_TEAM = 28S944C5QK;
				INFOPLIST_FILE = TestingImagesTests/Info.plist;
				IPHONEOS_DEPLOYMENT_TARGET = 13.2;
				LD_RUNPATH_SEARCH_PATHS = (
					"$(inherited)",
					"@executable_path/Frameworks",
					"@loader_path/Frameworks",
				);
				PRODUCT_BUNDLE_IDENTIFIER = org.soka.TestingImagesTests;
				PRODUCT_NAME = "$(TARGET_NAME)";
				SWIFT_VERSION = 5.0;
				TARGETED_DEVICE_FAMILY = "1,2";
				TEST_HOST = "$(BUILT_PRODUCTS_DIR)/TestingImages.app/TestingImages";
			};
			name = Release;
		};
		7518249123F3EA6200F6A0B3 /* Debug */ = {
			isa = XCBuildConfiguration;
			buildSettings = {
				ALWAYS_EMBED_SWIFT_STANDARD_LIBRARIES = YES;
				CODE_SIGN_STYLE = Automatic;
				DEVELOPMENT_TEAM = 28S944C5QK;
				INFOPLIST_FILE = TestingImagesUITests/Info.plist;
				LD_RUNPATH_SEARCH_PATHS = (
					"$(inherited)",
					"@executable_path/Frameworks",
					"@loader_path/Frameworks",
				);
				PRODUCT_BUNDLE_IDENTIFIER = org.soka.TestingImagesUITests;
				PRODUCT_NAME = "$(TARGET_NAME)";
				SWIFT_VERSION = 5.0;
				TARGETED_DEVICE_FAMILY = "1,2";
				TEST_TARGET_NAME = TestingImages;
			};
			name = Debug;
		};
		7518249223F3EA6200F6A0B3 /* Release */ = {
			isa = XCBuildConfiguration;
			buildSettings = {
				ALWAYS_EMBED_SWIFT_STANDARD_LIBRARIES = YES;
				CODE_SIGN_STYLE = Automatic;
				DEVELOPMENT_TEAM = 28S944C5QK;
				INFOPLIST_FILE = TestingImagesUITests/Info.plist;
				LD_RUNPATH_SEARCH_PATHS = (
					"$(inherited)",
					"@executable_path/Frameworks",
					"@loader_path/Frameworks",
				);
				PRODUCT_BUNDLE_IDENTIFIER = org.soka.TestingImagesUITests;
				PRODUCT_NAME = "$(TARGET_NAME)";
				SWIFT_VERSION = 5.0;
				TARGETED_DEVICE_FAMILY = "1,2";
				TEST_TARGET_NAME = TestingImages;
			};
			name = Release;
		};
/* End XCBuildConfiguration section */

/* Begin XCConfigurationList section */
		7518245B23F3EA5D00F6A0B3 /* Build configuration list for PBXProject "TestingImages" */ = {
			isa = XCConfigurationList;
			buildConfigurations = (
				7518248823F3EA6200F6A0B3 /* Debug */,
				7518248923F3EA6200F6A0B3 /* Release */,
			);
			defaultConfigurationIsVisible = 0;
			defaultConfigurationName = Release;
		};
		7518248A23F3EA6200F6A0B3 /* Build configuration list for PBXNativeTarget "TestingImages" */ = {
			isa = XCConfigurationList;
			buildConfigurations = (
				7518248B23F3EA6200F6A0B3 /* Debug */,
				7518248C23F3EA6200F6A0B3 /* Release */,
			);
			defaultConfigurationIsVisible = 0;
			defaultConfigurationName = Release;
		};
		7518248D23F3EA6200F6A0B3 /* Build configuration list for PBXNativeTarget "TestingImagesTests" */ = {
			isa = XCConfigurationList;
			buildConfigurations = (
				7518248E23F3EA6200F6A0B3 /* Debug */,
				7518248F23F3EA6200F6A0B3 /* Release */,
			);
			defaultConfigurationIsVisible = 0;
			defaultConfigurationName = Release;
		};
		7518249023F3EA6200F6A0B3 /* Build configuration list for PBXNativeTarget "TestingImagesUITests" */ = {
			isa = XCConfigurationList;
			buildConfigurations = (
				7518249123F3EA6200F6A0B3 /* Debug */,
				7518249223F3EA6200F6A0B3 /* Release */,
			);
			defaultConfigurationIsVisible = 0;
			defaultConfigurationName = Release;
		};
/* End XCConfigurationList section */
	};
	rootObject = 7518245823F3EA5D00F6A0B3 /* Project object */;
}
